// !$*UTF8*$!
{
	archiveVersion = 1;
	classes = {
	};
	objectVersion = 50;
	objects = {

/* Begin PBXBuildFile section */
		D16436AF23A66008009AEAE7 /* AppDelegate.swift in Sources */ = {isa = PBXBuildFile; fileRef = D16436AE23A66008009AEAE7 /* AppDelegate.swift */; };
		D16436B123A66008009AEAE7 /* SceneDelegate.swift in Sources */ = {isa = PBXBuildFile; fileRef = D16436B023A66008009AEAE7 /* SceneDelegate.swift */; };
		D16436B323A66008009AEAE7 /* ViewController.swift in Sources */ = {isa = PBXBuildFile; fileRef = D16436B223A66008009AEAE7 /* ViewController.swift */; };
		D16436B623A66008009AEAE7 /* Main.storyboard in Resources */ = {isa = PBXBuildFile; fileRef = D16436B423A66008009AEAE7 /* Main.storyboard */; };
		D16436B823A6600B009AEAE7 /* Assets.xcassets in Resources */ = {isa = PBXBuildFile; fileRef = D16436B723A6600B009AEAE7 /* Assets.xcassets */; };
		D16436BB23A6600B009AEAE7 /* LaunchScreen.storyboard in Resources */ = {isa = PBXBuildFile; fileRef = D16436B923A6600B009AEAE7 /* LaunchScreen.storyboard */; };
		D16436C623A6600B009AEAE7 /* FlixterTests.swift in Sources */ = {isa = PBXBuildFile; fileRef = D16436C523A6600B009AEAE7 /* FlixterTests.swift */; };
		D16436D123A6600B009AEAE7 /* FlixterUITests.swift in Sources */ = {isa = PBXBuildFile; fileRef = D16436D023A6600B009AEAE7 /* FlixterUITests.swift */; };
/* End PBXBuildFile section */

/* Begin PBXContainerItemProxy section */
		D16436C223A6600B009AEAE7 /* PBXContainerItemProxy */ = {
			isa = PBXContainerItemProxy;
			containerPortal = D16436A323A66008009AEAE7 /* Project object */;
			proxyType = 1;
			remoteGlobalIDString = D16436AA23A66008009AEAE7;
			remoteInfo = Flixter;
		};
		D16436CD23A6600B009AEAE7 /* PBXContainerItemProxy */ = {
			isa = PBXContainerItemProxy;
			containerPortal = D16436A323A66008009AEAE7 /* Project object */;
			proxyType = 1;
			remoteGlobalIDString = D16436AA23A66008009AEAE7;
			remoteInfo = Flixter;
		};
/* End PBXContainerItemProxy section */

/* Begin PBXFileReference section */
		D16436AB23A66008009AEAE7 /* Flixter.app */ = {isa = PBXFileReference; explicitFileType = wrapper.application; includeInIndex = 0; path = Flixter.app; sourceTree = BUILT_PRODUCTS_DIR; };
		D16436AE23A66008009AEAE7 /* AppDelegate.swift */ = {isa = PBXFileReference; lastKnownFileType = sourcecode.swift; path = AppDelegate.swift; sourceTree = "<group>"; };
		D16436B023A66008009AEAE7 /* SceneDelegate.swift */ = {isa = PBXFileReference; lastKnownFileType = sourcecode.swift; path = SceneDelegate.swift; sourceTree = "<group>"; };
		D16436B223A66008009AEAE7 /* ViewController.swift */ = {isa = PBXFileReference; lastKnownFileType = sourcecode.swift; path = ViewController.swift; sourceTree = "<group>"; };
		D16436B523A66008009AEAE7 /* Base */ = {isa = PBXFileReference; lastKnownFileType = file.storyboard; name = Base; path = Base.lproj/Main.storyboard; sourceTree = "<group>"; };
		D16436B723A6600B009AEAE7 /* Assets.xcassets */ = {isa = PBXFileReference; lastKnownFileType = folder.assetcatalog; path = Assets.xcassets; sourceTree = "<group>"; };
		D16436BA23A6600B009AEAE7 /* Base */ = {isa = PBXFileReference; lastKnownFileType = file.storyboard; name = Base; path = Base.lproj/LaunchScreen.storyboard; sourceTree = "<group>"; };
		D16436BC23A6600B009AEAE7 /* Info.plist */ = {isa = PBXFileReference; lastKnownFileType = text.plist.xml; path = Info.plist; sourceTree = "<group>"; };
		D16436C123A6600B009AEAE7 /* FlixterTests.xctest */ = {isa = PBXFileReference; explicitFileType = wrapper.cfbundle; includeInIndex = 0; path = FlixterTests.xctest; sourceTree = BUILT_PRODUCTS_DIR; };
		D16436C523A6600B009AEAE7 /* FlixterTests.swift */ = {isa = PBXFileReference; lastKnownFileType = sourcecode.swift; path = FlixterTests.swift; sourceTree = "<group>"; };
		D16436C723A6600B009AEAE7 /* Info.plist */ = {isa = PBXFileReference; lastKnownFileType = text.plist.xml; path = Info.plist; sourceTree = "<group>"; };
		D16436CC23A6600B009AEAE7 /* FlixterUITests.xctest */ = {isa = PBXFileReference; explicitFileType = wrapper.cfbundle; includeInIndex = 0; path = FlixterUITests.xctest; sourceTree = BUILT_PRODUCTS_DIR; };
		D16436D023A6600B009AEAE7 /* FlixterUITests.swift */ = {isa = PBXFileReference; lastKnownFileType = sourcecode.swift; path = FlixterUITests.swift; sourceTree = "<group>"; };
		D16436D223A6600B009AEAE7 /* Info.plist */ = {isa = PBXFileReference; lastKnownFileType = text.plist.xml; path = Info.plist; sourceTree = "<group>"; };
/* End PBXFileReference section */

/* Begin PBXFrameworksBuildPhase section */
		D16436A823A66008009AEAE7 /* Frameworks */ = {
			isa = PBXFrameworksBuildPhase;
			buildActionMask = 2147483647;
			files = (
			);
			runOnlyForDeploymentPostprocessing = 0;
		};
		D16436BE23A6600B009AEAE7 /* Frameworks */ = {
			isa = PBXFrameworksBuildPhase;
			buildActionMask = 2147483647;
			files = (
			);
			runOnlyForDeploymentPostprocessing = 0;
		};
		D16436C923A6600B009AEAE7 /* Frameworks */ = {
			isa = PBXFrameworksBuildPhase;
			buildActionMask = 2147483647;
			files = (
			);
			runOnlyForDeploymentPostprocessing = 0;
		};
/* End PBXFrameworksBuildPhase section */

/* Begin PBXGroup section */
		D16436A223A66008009AEAE7 = {
			isa = PBXGroup;
			children = (
				D16436AD23A66008009AEAE7 /* Flixter */,
				D16436C423A6600B009AEAE7 /* FlixterTests */,
				D16436CF23A6600B009AEAE7 /* FlixterUITests */,
				D16436AC23A66008009AEAE7 /* Products */,
			);
			sourceTree = "<group>";
		};
		D16436AC23A66008009AEAE7 /* Products */ = {
			isa = PBXGroup;
			children = (
				D16436AB23A66008009AEAE7 /* Flixter.app */,
				D16436C123A6600B009AEAE7 /* FlixterTests.xctest */,
				D16436CC23A6600B009AEAE7 /* FlixterUITests.xctest */,
			);
			name = Products;
			sourceTree = "<group>";
		};
		D16436AD23A66008009AEAE7 /* Flixter */ = {
			isa = PBXGroup;
			children = (
				D16436AE23A66008009AEAE7 /* AppDelegate.swift */,
				D16436B023A66008009AEAE7 /* SceneDelegate.swift */,
				D16436B223A66008009AEAE7 /* ViewController.swift */,
				D16436B423A66008009AEAE7 /* Main.storyboard */,
				D16436B723A6600B009AEAE7 /* Assets.xcassets */,
				D16436B923A6600B009AEAE7 /* LaunchScreen.storyboard */,
				D16436BC23A6600B009AEAE7 /* Info.plist */,
			);
			path = Flixter;
			sourceTree = "<group>";
		};
		D16436C423A6600B009AEAE7 /* FlixterTests */ = {
			isa = PBXGroup;
			children = (
				D16436C523A6600B009AEAE7 /* FlixterTests.swift */,
				D16436C723A6600B009AEAE7 /* Info.plist */,
			);
			path = FlixterTests;
			sourceTree = "<group>";
		};
		D16436CF23A6600B009AEAE7 /* FlixterUITests */ = {
			isa = PBXGroup;
			children = (
				D16436D023A6600B009AEAE7 /* FlixterUITests.swift */,
				D16436D223A6600B009AEAE7 /* Info.plist */,
			);
			path = FlixterUITests;
			sourceTree = "<group>";
		};
/* End PBXGroup section */

/* Begin PBXNativeTarget section */
		D16436AA23A66008009AEAE7 /* Flixter */ = {
			isa = PBXNativeTarget;
			buildConfigurationList = D16436D523A6600B009AEAE7 /* Build configuration list for PBXNativeTarget "Flixter" */;
			buildPhases = (
				D16436A723A66008009AEAE7 /* Sources */,
				D16436A823A66008009AEAE7 /* Frameworks */,
				D16436A923A66008009AEAE7 /* Resources */,
			);
			buildRules = (
			);
			dependencies = (
			);
			name = Flixter;
			productName = Flixter;
			productReference = D16436AB23A66008009AEAE7 /* Flixter.app */;
			productType = "com.apple.product-type.application";
		};
		D16436C023A6600B009AEAE7 /* FlixterTests */ = {
			isa = PBXNativeTarget;
			buildConfigurationList = D16436D823A6600B009AEAE7 /* Build configuration list for PBXNativeTarget "FlixterTests" */;
			buildPhases = (
				D16436BD23A6600B009AEAE7 /* Sources */,
				D16436BE23A6600B009AEAE7 /* Frameworks */,
				D16436BF23A6600B009AEAE7 /* Resources */,
			);
			buildRules = (
			);
			dependencies = (
				D16436C323A6600B009AEAE7 /* PBXTargetDependency */,
			);
			name = FlixterTests;
			productName = FlixterTests;
			productReference = D16436C123A6600B009AEAE7 /* FlixterTests.xctest */;
			productType = "com.apple.product-type.bundle.unit-test";
		};
		D16436CB23A6600B009AEAE7 /* FlixterUITests */ = {
			isa = PBXNativeTarget;
			buildConfigurationList = D16436DB23A6600B009AEAE7 /* Build configuration list for PBXNativeTarget "FlixterUITests" */;
			buildPhases = (
				D16436C823A6600B009AEAE7 /* Sources */,
				D16436C923A6600B009AEAE7 /* Frameworks */,
				D16436CA23A6600B009AEAE7 /* Resources */,
			);
			buildRules = (
			);
			dependencies = (
				D16436CE23A6600B009AEAE7 /* PBXTargetDependency */,
			);
			name = FlixterUITests;
			productName = FlixterUITests;
			productReference = D16436CC23A6600B009AEAE7 /* FlixterUITests.xctest */;
			productType = "com.apple.product-type.bundle.ui-testing";
		};
/* End PBXNativeTarget section */

/* Begin PBXProject section */
		D16436A323A66008009AEAE7 /* Project object */ = {
			isa = PBXProject;
			attributes = {
				LastSwiftUpdateCheck = 1120;
				LastUpgradeCheck = 1120;
				ORGANIZATIONNAME = EatMoreOranges;
				TargetAttributes = {
					D16436AA23A66008009AEAE7 = {
						CreatedOnToolsVersion = 11.2;
					};
					D16436C023A6600B009AEAE7 = {
						CreatedOnToolsVersion = 11.2;
						TestTargetID = D16436AA23A66008009AEAE7;
					};
					D16436CB23A6600B009AEAE7 = {
						CreatedOnToolsVersion = 11.2;
						TestTargetID = D16436AA23A66008009AEAE7;
					};
				};
			};
			buildConfigurationList = D16436A623A66008009AEAE7 /* Build configuration list for PBXProject "Flixter" */;
			compatibilityVersion = "Xcode 9.3";
			developmentRegion = en;
			hasScannedForEncodings = 0;
			knownRegions = (
				en,
				Base,
			);
			mainGroup = D16436A223A66008009AEAE7;
			productRefGroup = D16436AC23A66008009AEAE7 /* Products */;
			projectDirPath = "";
			projectRoot = "";
			targets = (
				D16436AA23A66008009AEAE7 /* Flixter */,
				D16436C023A6600B009AEAE7 /* FlixterTests */,
				D16436CB23A6600B009AEAE7 /* FlixterUITests */,
			);
		};
/* End PBXProject section */

/* Begin PBXResourcesBuildPhase section */
		D16436A923A66008009AEAE7 /* Resources */ = {
			isa = PBXResourcesBuildPhase;
			buildActionMask = 2147483647;
			files = (
				D16436BB23A6600B009AEAE7 /* LaunchScreen.storyboard in Resources */,
				D16436B823A6600B009AEAE7 /* Assets.xcassets in Resources */,
				D16436B623A66008009AEAE7 /* Main.storyboard in Resources */,
			);
			runOnlyForDeploymentPostprocessing = 0;
		};
		D16436BF23A6600B009AEAE7 /* Resources */ = {
			isa = PBXResourcesBuildPhase;
			buildActionMask = 2147483647;
			files = (
			);
			runOnlyForDeploymentPostprocessing = 0;
		};
		D16436CA23A6600B009AEAE7 /* Resources */ = {
			isa = PBXResourcesBuildPhase;
			buildActionMask = 2147483647;
			files = (
			);
			runOnlyForDeploymentPostprocessing = 0;
		};
/* End PBXResourcesBuildPhase section */

/* Begin PBXSourcesBuildPhase section */
		D16436A723A66008009AEAE7 /* Sources */ = {
			isa = PBXSourcesBuildPhase;
			buildActionMask = 2147483647;
			files = (
				D16436B323A66008009AEAE7 /* ViewController.swift in Sources */,
				D16436AF23A66008009AEAE7 /* AppDelegate.swift in Sources */,
				D16436B123A66008009AEAE7 /* SceneDelegate.swift in Sources */,
			);
			runOnlyForDeploymentPostprocessing = 0;
		};
		D16436BD23A6600B009AEAE7 /* Sources */ = {
			isa = PBXSourcesBuildPhase;
			buildActionMask = 2147483647;
			files = (
				D16436C623A6600B009AEAE7 /* FlixterTests.swift in Sources */,
			);
			runOnlyForDeploymentPostprocessing = 0;
		};
		D16436C823A6600B009AEAE7 /* Sources */ = {
			isa = PBXSourcesBuildPhase;
			buildActionMask = 2147483647;
			files = (
				D16436D123A6600B009AEAE7 /* FlixterUITests.swift in Sources */,
			);
			runOnlyForDeploymentPostprocessing = 0;
		};
/* End PBXSourcesBuildPhase section */

/* Begin PBXTargetDependency section */
		D16436C323A6600B009AEAE7 /* PBXTargetDependency */ = {
			isa = PBXTargetDependency;
			target = D16436AA23A66008009AEAE7 /* Flixter */;
			targetProxy = D16436C223A6600B009AEAE7 /* PBXContainerItemProxy */;
		};
		D16436CE23A6600B009AEAE7 /* PBXTargetDependency */ = {
			isa = PBXTargetDependency;
			target = D16436AA23A66008009AEAE7 /* Flixter */;
			targetProxy = D16436CD23A6600B009AEAE7 /* PBXContainerItemProxy */;
		};
/* End PBXTargetDependency section */

/* Begin PBXVariantGroup section */
		D16436B423A66008009AEAE7 /* Main.storyboard */ = {
			isa = PBXVariantGroup;
			children = (
				D16436B523A66008009AEAE7 /* Base */,
			);
			name = Main.storyboard;
			sourceTree = "<group>";
		};
		D16436B923A6600B009AEAE7 /* LaunchScreen.storyboard */ = {
			isa = PBXVariantGroup;
			children = (
				D16436BA23A6600B009AEAE7 /* Base */,
			);
			name = LaunchScreen.storyboard;
			sourceTree = "<group>";
		};
/* End PBXVariantGroup section */

/* Begin XCBuildConfiguration section */
		D16436D323A6600B009AEAE7 /* Debug */ = {
			isa = XCBuildConfiguration;
			buildSettings = {
				ALWAYS_SEARCH_USER_PATHS = NO;
				CLANG_ANALYZER_NONNULL = YES;
				CLANG_ANALYZER_NUMBER_OBJECT_CONVERSION = YES_AGGRESSIVE;
				CLANG_CXX_LANGUAGE_STANDARD = "gnu++14";
				CLANG_CXX_LIBRARY = "libc++";
				CLANG_ENABLE_MODULES = YES;
				CLANG_ENABLE_OBJC_ARC = YES;
				CLANG_ENABLE_OBJC_WEAK = YES;
				CLANG_WARN_BLOCK_CAPTURE_AUTORELEASING = YES;
				CLANG_WARN_BOOL_CONVERSION = YES;
				CLANG_WARN_COMMA = YES;
				CLANG_WARN_CONSTANT_CONVERSION = YES;
				CLANG_WARN_DEPRECATED_OBJC_IMPLEMENTATIONS = YES;
				CLANG_WARN_DIRECT_OBJC_ISA_USAGE = YES_ERROR;
				CLANG_WARN_DOCUMENTATION_COMMENTS = YES;
				CLANG_WARN_EMPTY_BODY = YES;
				CLANG_WARN_ENUM_CONVERSION = YES;
				CLANG_WARN_INFINITE_RECURSION = YES;
				CLANG_WARN_INT_CONVERSION = YES;
				CLANG_WARN_NON_LITERAL_NULL_CONVERSION = YES;
				CLANG_WARN_OBJC_IMPLICIT_RETAIN_SELF = YES;
				CLANG_WARN_OBJC_LITERAL_CONVERSION = YES;
				CLANG_WARN_OBJC_ROOT_CLASS = YES_ERROR;
				CLANG_WARN_RANGE_LOOP_ANALYSIS = YES;
				CLANG_WARN_STRICT_PROTOTYPES = YES;
				CLANG_WARN_SUSPICIOUS_MOVE = YES;
				CLANG_WARN_UNGUARDED_AVAILABILITY = YES_AGGRESSIVE;
				CLANG_WARN_UNREACHABLE_CODE = YES;
				CLANG_WARN__DUPLICATE_METHOD_MATCH = YES;
				COPY_PHASE_STRIP = NO;
				DEBUG_INFORMATION_FORMAT = dwarf;
				ENABLE_STRICT_OBJC_MSGSEND = YES;
				ENABLE_TESTABILITY = YES;
				GCC_C_LANGUAGE_STANDARD = gnu11;
				GCC_DYNAMIC_NO_PIC = NO;
				GCC_NO_COMMON_BLOCKS = YES;
				GCC_OPTIMIZATION_LEVEL = 0;
				GCC_PREPROCESSOR_DEFINITIONS = (
					"DEBUG=1",
					"$(inherited)",
				);
				GCC_WARN_64_TO_32_BIT_CONVERSION = YES;
				GCC_WARN_ABOUT_RETURN_TYPE = YES_ERROR;
				GCC_WARN_UNDECLARED_SELECTOR = YES;
				GCC_WARN_UNINITIALIZED_AUTOS = YES_AGGRESSIVE;
				GCC_WARN_UNUSED_FUNCTION = YES;
				GCC_WARN_UNUSED_VARIABLE = YES;
				IPHONEOS_DEPLOYMENT_TARGET = 13.2;
				MTL_ENABLE_DEBUG_INFO = INCLUDE_SOURCE;
				MTL_FAST_MATH = YES;
				ONLY_ACTIVE_ARCH = YES;
				SDKROOT = iphoneos;
				SWIFT_ACTIVE_COMPILATION_CONDITIONS = DEBUG;
				SWIFT_OPTIMIZATION_LEVEL = "-Onone";
			};
			name = Debug;
		};
		D16436D423A6600B009AEAE7 /* Release */ = {
			isa = XCBuildConfiguration;
			buildSettings = {
				ALWAYS_SEARCH_USER_PATHS = NO;
				CLANG_ANALYZER_NONNULL = YES;
				CLANG_ANALYZER_NUMBER_OBJECT_CONVERSION = YES_AGGRESSIVE;
				CLANG_CXX_LANGUAGE_STANDARD = "gnu++14";
				CLANG_CXX_LIBRARY = "libc++";
				CLANG_ENABLE_MODULES = YES;
				CLANG_ENABLE_OBJC_ARC = YES;
				CLANG_ENABLE_OBJC_WEAK = YES;
				CLANG_WARN_BLOCK_CAPTURE_AUTORELEASING = YES;
				CLANG_WARN_BOOL_CONVERSION = YES;
				CLANG_WARN_COMMA = YES;
				CLANG_WARN_CONSTANT_CONVERSION = YES;
				CLANG_WARN_DEPRECATED_OBJC_IMPLEMENTATIONS = YES;
				CLANG_WARN_DIRECT_OBJC_ISA_USAGE = YES_ERROR;
				CLANG_WARN_DOCUMENTATION_COMMENTS = YES;
				CLANG_WARN_EMPTY_BODY = YES;
				CLANG_WARN_ENUM_CONVERSION = YES;
				CLANG_WARN_INFINITE_RECURSION = YES;
				CLANG_WARN_INT_CONVERSION = YES;
				CLANG_WARN_NON_LITERAL_NULL_CONVERSION = YES;
				CLANG_WARN_OBJC_IMPLICIT_RETAIN_SELF = YES;
				CLANG_WARN_OBJC_LITERAL_CONVERSION = YES;
				CLANG_WARN_OBJC_ROOT_CLASS = YES_ERROR;
				CLANG_WARN_RANGE_LOOP_ANALYSIS = YES;
				CLANG_WARN_STRICT_PROTOTYPES = YES;
				CLANG_WARN_SUSPICIOUS_MOVE = YES;
				CLANG_WARN_UNGUARDED_AVAILABILITY = YES_AGGRESSIVE;
				CLANG_WARN_UNREACHABLE_CODE = YES;
				CLANG_WARN__DUPLICATE_METHOD_MATCH = YES;
				COPY_PHASE_STRIP = NO;
				DEBUG_INFORMATION_FORMAT = "dwarf-with-dsym";
				ENABLE_NS_ASSERTIONS = NO;
				ENABLE_STRICT_OBJC_MSGSEND = YES;
				GCC_C_LANGUAGE_STANDARD = gnu11;
				GCC_NO_COMMON_BLOCKS = YES;
				GCC_WARN_64_TO_32_BIT_CONVERSION = YES;
				GCC_WARN_ABOUT_RETURN_TYPE = YES_ERROR;
				GCC_WARN_UNDECLARED_SELECTOR = YES;
				GCC_WARN_UNINITIALIZED_AUTOS = YES_AGGRESSIVE;
				GCC_WARN_UNUSED_FUNCTION = YES;
				GCC_WARN_UNUSED_VARIABLE = YES;
				IPHONEOS_DEPLOYMENT_TARGET = 13.2;
				MTL_ENABLE_DEBUG_INFO = NO;
				MTL_FAST_MATH = YES;
				SDKROOT = iphoneos;
				SWIFT_COMPILATION_MODE = wholemodule;
				SWIFT_OPTIMIZATION_LEVEL = "-O";
				VALIDATE_PRODUCT = YES;
			};
			name = Release;
		};
		D16436D623A6600B009AEAE7 /* Debug */ = {
			isa = XCBuildConfiguration;
			buildSettings = {
				ASSETCATALOG_COMPILER_APPICON_NAME = AppIcon;
				CODE_SIGN_STYLE = Automatic;
				INFOPLIST_FILE = Flixter/Info.plist;
				LD_RUNPATH_SEARCH_PATHS = (
					"$(inherited)",
					"@executable_path/Frameworks",
				);
				PRODUCT_BUNDLE_IDENTIFIER = com.EatMoreOranges.Flixter;
				PRODUCT_NAME = "$(TARGET_NAME)";
				SWIFT_VERSION = 5.0;
				TARGETED_DEVICE_FAMILY = "1,2";
			};
			name = Debug;
		};
		D16436D723A6600B009AEAE7 /* Release */ = {
			isa = XCBuildConfiguration;
			buildSettings = {
				ASSETCATALOG_COMPILER_APPICON_NAME = AppIcon;
				CODE_SIGN_STYLE = Automatic;
				INFOPLIST_FILE = Flixter/Info.plist;
				LD_RUNPATH_SEARCH_PATHS = (
					"$(inherited)",
					"@executable_path/Frameworks",
				);
				PRODUCT_BUNDLE_IDENTIFIER = com.EatMoreOranges.Flixter;
				PRODUCT_NAME = "$(TARGET_NAME)";
				SWIFT_VERSION = 5.0;
				TARGETED_DEVICE_FAMILY = "1,2";
			};
			name = Release;
		};
		D16436D923A6600B009AEAE7 /* Debug */ = {
			isa = XCBuildConfiguration;
			buildSettings = {
				ALWAYS_EMBED_SWIFT_STANDARD_LIBRARIES = YES;
				BUNDLE_LOADER = "$(TEST_HOST)";
				CODE_SIGN_STYLE = Automatic;
				INFOPLIST_FILE = FlixterTests/Info.plist;
				IPHONEOS_DEPLOYMENT_TARGET = 13.2;
				LD_RUNPATH_SEARCH_PATHS = (
					"$(inherited)",
					"@executable_path/Frameworks",
					"@loader_path/Frameworks",
				);
				PRODUCT_BUNDLE_IDENTIFIER = com.EatMoreOranges.FlixterTests;
				PRODUCT_NAME = "$(TARGET_NAME)";
				SWIFT_VERSION = 5.0;
				TARGETED_DEVICE_FAMILY = "1,2";
				TEST_HOST = "$(BUILT_PRODUCTS_DIR)/Flixter.app/Flixter";
			};
			name = Debug;
		};
		D16436DA23A6600B009AEAE7 /* Release */ = {
			isa = XCBuildConfiguration;
			buildSettings = {
				ALWAYS_EMBED_SWIFT_STANDARD_LIBRARIES = YES;
				BUNDLE_LOADER = "$(TEST_HOST)";
				CODE_SIGN_STYLE = Automatic;
				INFOPLIST_FILE = FlixterTests/Info.plist;
				IPHONEOS_DEPLOYMENT_TARGET = 13.2;
				LD_RUNPATH_SEARCH_PATHS = (
					"$(inherited)",
					"@executable_path/Frameworks",
					"@loader_path/Frameworks",
				);
				PRODUCT_BUNDLE_IDENTIFIER = com.EatMoreOranges.FlixterTests;
				PRODUCT_NAME = "$(TARGET_NAME)";
				SWIFT_VERSION = 5.0;
				TARGETED_DEVICE_FAMILY = "1,2";
				TEST_HOST = "$(BUILT_PRODUCTS_DIR)/Flixter.app/Flixter";
			};
			name = Release;
		};
		D16436DC23A6600B009AEAE7 /* Debug */ = {
			isa = XCBuildConfiguration;
			buildSettings = {
				ALWAYS_EMBED_SWIFT_STANDARD_LIBRARIES = YES;
				CODE_SIGN_STYLE = Automatic;
				INFOPLIST_FILE = FlixterUITests/Info.plist;
				LD_RUNPATH_SEARCH_PATHS = (
					"$(inherited)",
					"@executable_path/Frameworks",
					"@loader_path/Frameworks",
				);
				PRODUCT_BUNDLE_IDENTIFIER = com.EatMoreOranges.FlixterUITests;
				PRODUCT_NAME = "$(TARGET_NAME)";
				SWIFT_VERSION = 5.0;
				TARGETED_DEVICE_FAMILY = "1,2";
				TEST_TARGET_NAME = Flixter;
			};
			name = Debug;
		};
		D16436DD23A6600B009AEAE7 /* Release */ = {
			isa = XCBuildConfiguration;
			buildSettings = {
				ALWAYS_EMBED_SWIFT_STANDARD_LIBRARIES = YES;
				CODE_SIGN_STYLE = Automatic;
				INFOPLIST_FILE = FlixterUITests/Info.plist;
				LD_RUNPATH_SEARCH_PATHS = (
					"$(inherited)",
					"@executable_path/Frameworks",
					"@loader_path/Frameworks",
				);
				PRODUCT_BUNDLE_IDENTIFIER = com.EatMoreOranges.FlixterUITests;
				PRODUCT_NAME = "$(TARGET_NAME)";
				SWIFT_VERSION = 5.0;
				TARGETED_DEVICE_FAMILY = "1,2";
				TEST_TARGET_NAME = Flixter;
			};
			name = Release;
		};
/* End XCBuildConfiguration section */

/* Begin XCConfigurationList section */
		D16436A623A66008009AEAE7 /* Build configuration list for PBXProject "Flixter" */ = {
			isa = XCConfigurationList;
			buildConfigurations = (
				D16436D323A6600B009AEAE7 /* Debug */,
				D16436D423A6600B009AEAE7 /* Release */,
			);
			defaultConfigurationIsVisible = 0;
			defaultConfigurationName = Release;
		};
		D16436D523A6600B009AEAE7 /* Build configuration list for PBXNativeTarget "Flixter" */ = {
			isa = XCConfigurationList;
			buildConfigurations = (
				D16436D623A6600B009AEAE7 /* Debug */,
				D16436D723A6600B009AEAE7 /* Release */,
			);
			defaultConfigurationIsVisible = 0;
			defaultConfigurationName = Release;
		};
		D16436D823A6600B009AEAE7 /* Build configuration list for PBXNativeTarget "FlixterTests" */ = {
			isa = XCConfigurationList;
			buildConfigurations = (
				D16436D923A6600B009AEAE7 /* Debug */,
				D16436DA23A6600B009AEAE7 /* Release */,
			);
			defaultConfigurationIsVisible = 0;
			defaultConfigurationName = Release;
		};
		D16436DB23A6600B009AEAE7 /* Build configuration list for PBXNativeTarget "FlixterUITests" */ = {
			isa = XCConfigurationList;
			buildConfigurations = (
				D16436DC23A6600B009AEAE7 /* Debug */,
				D16436DD23A6600B009AEAE7 /* Release */,
			);
			defaultConfigurationIsVisible = 0;
			defaultConfigurationName = Release;
		};
/* End XCConfigurationList section */
	};
	rootObject = D16436A323A66008009AEAE7 /* Project object */;
}
